{
  "name": "twinsticks",
  "version": "1.0.0",
  "lockfileVersion": 1,
  "requires": true,
  "dependencies": {
    "dep-graph": {
      "version": "1.1.0",
      "resolved": "https://registry.npmjs.org/dep-graph/-/dep-graph-1.1.0.tgz",
      "integrity": "sha1-+t6GqSeZqBPptCURzfPfpsyNvv4=",
      "requires": {
        "underscore": "1.2.1"
      }
    },
    "sticks": {
      "version": "0.1.1",
      "resolved": "https://registry.npmjs.org/sticks/-/sticks-0.1.1.tgz",
      "integrity": "sha1-+Js6gxtYUANPTV9IyJ5k3o8iemw=",
      "requires": {
        "dep-graph": "~1.1.0"
      }
    },
    "underscore": {
      "version": "1.2.1",
      "resolved": "https://registry.npmjs.org/underscore/-/underscore-1.2.1.tgz",
      "integrity": "sha1-/FxrB2VnPZKi1KyLTcCqiHAuK9Q="
    }
  }
}
